
Microsoft Visual Studio Solution File, Format Version 12.00
# Visual Studio Version 17
VisualStudioVersion = 17.9.34622.214
MinimumVisualStudioVersion = 10.0.40219.1
Project("{9A19103F-16F7-4668-BE54-9A1E7A4F7556}") = "ProDotNetZipNetStandard", "src\ProDotNetZipNetStandard.csproj", "{464DEB5F-6AE5-4203-BE9D-EED7F9E216C5}"
EndProject
Project("{9A19103F-16F7-4668-BE54-9A1E7A4F7556}") = "ProDotNetZipNetStandardTest", "test\ProDotNetZipNetStandardTest.csproj", "{C0DF8C64-AF38-46A7-BD5D-FA1D70055365}"
EndProject
Global
	GlobalSection(SolutionConfigurationPlatforms) = preSolution
		Debug|Any CPU = Debug|Any CPU
		Release|Any CPU = Release|Any CPU
	EndGlobalSection
	GlobalSection(ProjectConfigurationPlatforms) = postSolution
		{464DEB5F-6AE5-4203-BE9D-EED7F9E216C5}.Debug|Any CPU.ActiveCfg = Debug|Any CPU
		{464DEB5F-6AE5-4203-BE9D-EED7F9E216C5}.Debug|Any CPU.Build.0 = Debug|Any CPU
		{464DEB5F-6AE5-4203-BE9D-EED7F9E216C5}.Release|Any CPU.ActiveCfg = Release|Any CPU
		{464DEB5F-6AE5-4203-BE9D-EED7F9E216C5}.Release|Any CPU.Build.0 = Release|Any CPU
		{C0DF8C64-AF38-46A7-BD5D-FA1D70055365}.Debug|Any CPU.ActiveCfg = Debug|Any CPU
		{C0DF8C64-AF38-46A7-BD5D-FA1D70055365}.Debug|Any CPU.Build.0 = Debug|Any CPU
		{C0DF8C64-AF38-46A7-BD5D-FA1D70055365}.Release|Any CPU.ActiveCfg = Release|Any CPU
		{C0DF8C64-AF38-46A7-BD5D-FA1D70055365}.Release|Any CPU.Build.0 = Release|Any CPU
	EndGlobalSection
	GlobalSection(SolutionProperties) = preSolution
		HideSolutionNode = FALSE
	EndGlobalSection
	GlobalSection(ExtensibilityGlobals) = postSolution
		SolutionGuid = {B6F9976A-F845-4DE3-A89F-0F5C9A9FC0A1}
	EndGlobalSection
EndGlobal
