
Microsoft Visual Studio Solution File, Format Version 11.00
# Visual Studio 2010
Project("{2150E333-8FDC-42A3-9474-1A3956D46DE8}") = "Solution Items", "Solution Items", "{E1C14695-E75F-4317-919A-5341EA1F9C01}"
	ProjectSection(SolutionItems) = preProject
		DotNetZip.vsmdi = DotNetZip.vsmdi
	EndProjectSection
EndProject
Project("{FAE04EC0-301F-11D3-BF4B-00C04F79EFBC}") = "Zip DLL", "Zip\Zip DLL.csproj", "{D3B0AD67-44D8-4B3D-BED9-CE1FD6DE2C5A}"
EndProject
Project("{FAE04EC0-301F-11D3-BF4B-00C04F79EFBC}") = "Zip Tests", "Zip Tests\Zip Tests.csproj", "{549466CE-5CA6-4904-BA44-58141544BE70}"
EndProject
Project("{FAE04EC0-301F-11D3-BF4B-00C04F79EFBC}") = "Zlib DLL", "Zlib\Zlib DLL.csproj", "{9816BA86-9250-4C00-A912-25F07F8677D1}"
EndProject
Project("{FAE04EC0-301F-11D3-BF4B-00C04F79EFBC}") = "Zlib Tests", "Zlib Tests\Zlib Tests.csproj", "{047A98B2-BC96-41B4-ADD8-2167FB1B6502}"
EndProject
Project("{FAE04EC0-301F-11D3-BF4B-00C04F79EFBC}") = "BZip2 DLL", "BZip2\BZip2 DLL.csproj", "{E2CE0D56-7AF8-4404-BD0C-BC562CBD74D4}"
EndProject
Project("{FAE04EC0-301F-11D3-BF4B-00C04F79EFBC}") = "BZip2 Tests", "BZip2 Tests\BZip2 Tests.csproj", "{11DC3AE9-D19F-4426-A7C8-15F17DE815BF}"
EndProject
Project("{FAE04EC0-301F-11D3-BF4B-00C04F79EFBC}") = "Zip Reduced", "Zip Reduced\Zip Reduced.csproj", "{49A128D3-C3F2-46B1-8F7A-EECD209EA860}"
EndProject
Project("{F184B08F-C81C-45F6-A57F-5ABD9991F28F}") = "QuickUnzip", "Examples\VB\Quick-Unzip\QuickUnzip.vbproj", "{95D9690B-3B37-4800-A511-6FB21436638B}"
EndProject
Project("{FAE04EC0-301F-11D3-BF4B-00C04F79EFBC}") = "ZipDir", "Examples\C#\ZipDir\ZipDir.csproj", "{E04C2A53-3981-44D4-94AF-6AC07D97CDE8}"
EndProject
Project("{FAE04EC0-301F-11D3-BF4B-00C04F79EFBC}") = "CreateZip", "Examples\C#\CreateZip\CreateZip.csproj", "{FB9FC8D7-7897-4802-9694-F379F25C00CB}"
EndProject
Project("{FAE04EC0-301F-11D3-BF4B-00C04F79EFBC}") = "ReadZip", "Examples\C#\ReadZip\ReadZip.csproj", "{F4024C01-1133-4A5A-B421-22EA8CA89EA5}"
EndProject
Project("{FAE04EC0-301F-11D3-BF4B-00C04F79EFBC}") = "BZip2", "Tools\BZip2\BZip2.csproj", "{C2241050-F23C-420B-AA67-60E94B34C2B2}"
EndProject
Project("{FAE04EC0-301F-11D3-BF4B-00C04F79EFBC}") = "GZip", "Tools\GZip\GZip.csproj", "{52542D59-25EC-4EE4-8AF2-85DE50C70EA6}"
EndProject
Project("{FAE04EC0-301F-11D3-BF4B-00C04F79EFBC}") = "UnZip", "Tools\UnZip\UnZip.csproj", "{A22C89E0-B5D4-4881-A61F-4B1FD82F2453}"
EndProject
Project("{FAE04EC0-301F-11D3-BF4B-00C04F79EFBC}") = "ZipIt", "Tools\ZipIt\ZipIt.csproj", "{98008721-C4DD-4F34-B3AE-A3453E29BB65}"
EndProject
Project("{FAE04EC0-301F-11D3-BF4B-00C04F79EFBC}") = "ConvertZipToSfx", "Tools\ConvertZipToSfx\ConvertZipToSfx.csproj", "{276B8174-A24E-4257-9969-42D692F8CAC2}"
EndProject
Project("{FAE04EC0-301F-11D3-BF4B-00C04F79EFBC}") = "Win Forms App", "Tools\WinFormsApp\Win Forms App.csproj", "{6BCCF138-2EFB-464C-B872-E3079F0A4708}"
EndProject
Project("{FAE04EC0-301F-11D3-BF4B-00C04F79EFBC}") = "ZipTreeView", "Examples\C#\ZipTreeView\ZipTreeView.csproj", "{1BCEC4DE-A73D-49A6-869F-EDA4AB6B41EF}"
EndProject
Project("{F184B08F-C81C-45F6-A57F-5ABD9991F28F}") = "WinForms-TreeViewZip", "Examples\VB\WinForms-TreeViewZip\WinForms-TreeViewZip\WinForms-TreeViewZip.vbproj", "{2E78FB6A-EE17-4EE4-9D8D-BE9AE675C69D}"
EndProject
Project("{2150E333-8FDC-42A3-9474-1A3956D46DE8}") = "Tools", "Tools", "{1BB61851-D01A-4788-8033-C1821FC3738B}"
EndProject
Project("{2150E333-8FDC-42A3-9474-1A3956D46DE8}") = "Examples", "Examples", "{F0743B6A-25EB-4D79-B5ED-AFB4F25C91B5}"
EndProject
Project("{2150E333-8FDC-42A3-9474-1A3956D46DE8}") = "Tests", "Tests", "{E29C6340-FD50-4857-8C45-7BA227646B00}"
EndProject
Project("{2150E333-8FDC-42A3-9474-1A3956D46DE8}") = "Setups", "Setups", "{70D5B6AD-813F-4CBC-AB08-60045171C377}"
EndProject
Global
	GlobalSection(TestCaseManagementSettings) = postSolution
		CategoryFile = DotNetZip.vsmdi
	EndGlobalSection
	GlobalSection(SolutionConfigurationPlatforms) = preSolution
		Debug|Any CPU = Debug|Any CPU
		Debug|Mixed Platforms = Debug|Mixed Platforms
		Debug|x86 = Debug|x86
		Release|Any CPU = Release|Any CPU
		Release|Mixed Platforms = Release|Mixed Platforms
		Release|x86 = Release|x86
	EndGlobalSection
	GlobalSection(ProjectConfigurationPlatforms) = postSolution
		{D3B0AD67-44D8-4B3D-BED9-CE1FD6DE2C5A}.Debug|Any CPU.ActiveCfg = Debug|Any CPU
		{D3B0AD67-44D8-4B3D-BED9-CE1FD6DE2C5A}.Debug|Any CPU.Build.0 = Debug|Any CPU
		{D3B0AD67-44D8-4B3D-BED9-CE1FD6DE2C5A}.Debug|Mixed Platforms.ActiveCfg = Debug|Any CPU
		{D3B0AD67-44D8-4B3D-BED9-CE1FD6DE2C5A}.Debug|Mixed Platforms.Build.0 = Debug|Any CPU
		{D3B0AD67-44D8-4B3D-BED9-CE1FD6DE2C5A}.Debug|x86.ActiveCfg = Debug|Any CPU
		{D3B0AD67-44D8-4B3D-BED9-CE1FD6DE2C5A}.Release|Any CPU.ActiveCfg = Release|Any CPU
		{D3B0AD67-44D8-4B3D-BED9-CE1FD6DE2C5A}.Release|Any CPU.Build.0 = Release|Any CPU
		{D3B0AD67-44D8-4B3D-BED9-CE1FD6DE2C5A}.Release|Mixed Platforms.ActiveCfg = Release|Any CPU
		{D3B0AD67-44D8-4B3D-BED9-CE1FD6DE2C5A}.Release|Mixed Platforms.Build.0 = Release|Any CPU
		{D3B0AD67-44D8-4B3D-BED9-CE1FD6DE2C5A}.Release|x86.ActiveCfg = Release|Any CPU
		{549466CE-5CA6-4904-BA44-58141544BE70}.Debug|Any CPU.ActiveCfg = Debug|Any CPU
		{549466CE-5CA6-4904-BA44-58141544BE70}.Debug|Any CPU.Build.0 = Debug|Any CPU
		{549466CE-5CA6-4904-BA44-58141544BE70}.Debug|Mixed Platforms.ActiveCfg = Debug|Any CPU
		{549466CE-5CA6-4904-BA44-58141544BE70}.Debug|Mixed Platforms.Build.0 = Debug|Any CPU
		{549466CE-5CA6-4904-BA44-58141544BE70}.Debug|x86.ActiveCfg = Debug|Any CPU
		{549466CE-5CA6-4904-BA44-58141544BE70}.Release|Any CPU.ActiveCfg = Release|Any CPU
		{549466CE-5CA6-4904-BA44-58141544BE70}.Release|Any CPU.Build.0 = Release|Any CPU
		{549466CE-5CA6-4904-BA44-58141544BE70}.Release|Mixed Platforms.ActiveCfg = Release|Any CPU
		{549466CE-5CA6-4904-BA44-58141544BE70}.Release|Mixed Platforms.Build.0 = Release|Any CPU
		{549466CE-5CA6-4904-BA44-58141544BE70}.Release|x86.ActiveCfg = Release|Any CPU
		{9816BA86-9250-4C00-A912-25F07F8677D1}.Debug|Any CPU.ActiveCfg = Debug|Any CPU
		{9816BA86-9250-4C00-A912-25F07F8677D1}.Debug|Any CPU.Build.0 = Debug|Any CPU
		{9816BA86-9250-4C00-A912-25F07F8677D1}.Debug|Mixed Platforms.ActiveCfg = Debug|Any CPU
		{9816BA86-9250-4C00-A912-25F07F8677D1}.Debug|Mixed Platforms.Build.0 = Debug|Any CPU
		{9816BA86-9250-4C00-A912-25F07F8677D1}.Debug|x86.ActiveCfg = Debug|Any CPU
		{9816BA86-9250-4C00-A912-25F07F8677D1}.Release|Any CPU.ActiveCfg = Release|Any CPU
		{9816BA86-9250-4C00-A912-25F07F8677D1}.Release|Any CPU.Build.0 = Release|Any CPU
		{9816BA86-9250-4C00-A912-25F07F8677D1}.Release|Mixed Platforms.ActiveCfg = Release|Any CPU
		{9816BA86-9250-4C00-A912-25F07F8677D1}.Release|Mixed Platforms.Build.0 = Release|Any CPU
		{9816BA86-9250-4C00-A912-25F07F8677D1}.Release|x86.ActiveCfg = Release|Any CPU
		{047A98B2-BC96-41B4-ADD8-2167FB1B6502}.Debug|Any CPU.ActiveCfg = Debug|Any CPU
		{047A98B2-BC96-41B4-ADD8-2167FB1B6502}.Debug|Any CPU.Build.0 = Debug|Any CPU
		{047A98B2-BC96-41B4-ADD8-2167FB1B6502}.Debug|Mixed Platforms.ActiveCfg = Debug|Any CPU
		{047A98B2-BC96-41B4-ADD8-2167FB1B6502}.Debug|Mixed Platforms.Build.0 = Debug|Any CPU
		{047A98B2-BC96-41B4-ADD8-2167FB1B6502}.Debug|x86.ActiveCfg = Debug|Any CPU
		{047A98B2-BC96-41B4-ADD8-2167FB1B6502}.Release|Any CPU.ActiveCfg = Release|Any CPU
		{047A98B2-BC96-41B4-ADD8-2167FB1B6502}.Release|Any CPU.Build.0 = Release|Any CPU
		{047A98B2-BC96-41B4-ADD8-2167FB1B6502}.Release|Mixed Platforms.ActiveCfg = Release|Any CPU
		{047A98B2-BC96-41B4-ADD8-2167FB1B6502}.Release|Mixed Platforms.Build.0 = Release|Any CPU
		{047A98B2-BC96-41B4-ADD8-2167FB1B6502}.Release|x86.ActiveCfg = Release|Any CPU
		{E2CE0D56-7AF8-4404-BD0C-BC562CBD74D4}.Debug|Any CPU.ActiveCfg = Debug|Any CPU
		{E2CE0D56-7AF8-4404-BD0C-BC562CBD74D4}.Debug|Any CPU.Build.0 = Debug|Any CPU
		{E2CE0D56-7AF8-4404-BD0C-BC562CBD74D4}.Debug|Mixed Platforms.ActiveCfg = Debug|Any CPU
		{E2CE0D56-7AF8-4404-BD0C-BC562CBD74D4}.Debug|Mixed Platforms.Build.0 = Debug|Any CPU
		{E2CE0D56-7AF8-4404-BD0C-BC562CBD74D4}.Debug|x86.ActiveCfg = Debug|Any CPU
		{E2CE0D56-7AF8-4404-BD0C-BC562CBD74D4}.Release|Any CPU.ActiveCfg = Release|Any CPU
		{E2CE0D56-7AF8-4404-BD0C-BC562CBD74D4}.Release|Any CPU.Build.0 = Release|Any CPU
		{E2CE0D56-7AF8-4404-BD0C-BC562CBD74D4}.Release|Mixed Platforms.ActiveCfg = Release|Any CPU
		{E2CE0D56-7AF8-4404-BD0C-BC562CBD74D4}.Release|Mixed Platforms.Build.0 = Release|Any CPU
		{E2CE0D56-7AF8-4404-BD0C-BC562CBD74D4}.Release|x86.ActiveCfg = Release|Any CPU
		{11DC3AE9-D19F-4426-A7C8-15F17DE815BF}.Debug|Any CPU.ActiveCfg = Debug|Any CPU
		{11DC3AE9-D19F-4426-A7C8-15F17DE815BF}.Debug|Any CPU.Build.0 = Debug|Any CPU
		{11DC3AE9-D19F-4426-A7C8-15F17DE815BF}.Debug|Mixed Platforms.ActiveCfg = Debug|Any CPU
		{11DC3AE9-D19F-4426-A7C8-15F17DE815BF}.Debug|Mixed Platforms.Build.0 = Debug|Any CPU
		{11DC3AE9-D19F-4426-A7C8-15F17DE815BF}.Debug|x86.ActiveCfg = Debug|Any CPU
		{11DC3AE9-D19F-4426-A7C8-15F17DE815BF}.Release|Any CPU.ActiveCfg = Release|Any CPU
		{11DC3AE9-D19F-4426-A7C8-15F17DE815BF}.Release|Any CPU.Build.0 = Release|Any CPU
		{11DC3AE9-D19F-4426-A7C8-15F17DE815BF}.Release|Mixed Platforms.ActiveCfg = Release|Any CPU
		{11DC3AE9-D19F-4426-A7C8-15F17DE815BF}.Release|Mixed Platforms.Build.0 = Release|Any CPU
		{11DC3AE9-D19F-4426-A7C8-15F17DE815BF}.Release|x86.ActiveCfg = Release|Any CPU
		{49A128D3-C3F2-46B1-8F7A-EECD209EA860}.Debug|Any CPU.ActiveCfg = Debug|Any CPU
		{49A128D3-C3F2-46B1-8F7A-EECD209EA860}.Debug|Any CPU.Build.0 = Debug|Any CPU
		{49A128D3-C3F2-46B1-8F7A-EECD209EA860}.Debug|Mixed Platforms.ActiveCfg = Debug|Any CPU
		{49A128D3-C3F2-46B1-8F7A-EECD209EA860}.Debug|Mixed Platforms.Build.0 = Debug|Any CPU
		{49A128D3-C3F2-46B1-8F7A-EECD209EA860}.Debug|x86.ActiveCfg = Debug|Any CPU
		{49A128D3-C3F2-46B1-8F7A-EECD209EA860}.Release|Any CPU.ActiveCfg = Release|Any CPU
		{49A128D3-C3F2-46B1-8F7A-EECD209EA860}.Release|Any CPU.Build.0 = Release|Any CPU
		{49A128D3-C3F2-46B1-8F7A-EECD209EA860}.Release|Mixed Platforms.ActiveCfg = Release|Any CPU
		{49A128D3-C3F2-46B1-8F7A-EECD209EA860}.Release|Mixed Platforms.Build.0 = Release|Any CPU
		{49A128D3-C3F2-46B1-8F7A-EECD209EA860}.Release|x86.ActiveCfg = Release|Any CPU
		{95D9690B-3B37-4800-A511-6FB21436638B}.Debug|Any CPU.ActiveCfg = Debug|Any CPU
		{95D9690B-3B37-4800-A511-6FB21436638B}.Debug|Any CPU.Build.0 = Debug|Any CPU
		{95D9690B-3B37-4800-A511-6FB21436638B}.Debug|Mixed Platforms.ActiveCfg = Debug|Any CPU
		{95D9690B-3B37-4800-A511-6FB21436638B}.Debug|Mixed Platforms.Build.0 = Debug|Any CPU
		{95D9690B-3B37-4800-A511-6FB21436638B}.Debug|x86.ActiveCfg = Debug|Any CPU
		{95D9690B-3B37-4800-A511-6FB21436638B}.Release|Any CPU.ActiveCfg = Release|Any CPU
		{95D9690B-3B37-4800-A511-6FB21436638B}.Release|Any CPU.Build.0 = Release|Any CPU
		{95D9690B-3B37-4800-A511-6FB21436638B}.Release|Mixed Platforms.ActiveCfg = Release|Any CPU
		{95D9690B-3B37-4800-A511-6FB21436638B}.Release|Mixed Platforms.Build.0 = Release|Any CPU
		{95D9690B-3B37-4800-A511-6FB21436638B}.Release|x86.ActiveCfg = Release|Any CPU
		{E04C2A53-3981-44D4-94AF-6AC07D97CDE8}.Debug|Any CPU.ActiveCfg = Debug|Any CPU
		{E04C2A53-3981-44D4-94AF-6AC07D97CDE8}.Debug|Any CPU.Build.0 = Debug|Any CPU
		{E04C2A53-3981-44D4-94AF-6AC07D97CDE8}.Debug|Mixed Platforms.ActiveCfg = Debug|Any CPU
		{E04C2A53-3981-44D4-94AF-6AC07D97CDE8}.Debug|Mixed Platforms.Build.0 = Debug|Any CPU
		{E04C2A53-3981-44D4-94AF-6AC07D97CDE8}.Debug|x86.ActiveCfg = Debug|Any CPU
		{E04C2A53-3981-44D4-94AF-6AC07D97CDE8}.Release|Any CPU.ActiveCfg = Release|Any CPU
		{E04C2A53-3981-44D4-94AF-6AC07D97CDE8}.Release|Any CPU.Build.0 = Release|Any CPU
		{E04C2A53-3981-44D4-94AF-6AC07D97CDE8}.Release|Mixed Platforms.ActiveCfg = Release|Any CPU
		{E04C2A53-3981-44D4-94AF-6AC07D97CDE8}.Release|Mixed Platforms.Build.0 = Release|Any CPU
		{E04C2A53-3981-44D4-94AF-6AC07D97CDE8}.Release|x86.ActiveCfg = Release|Any CPU
		{FB9FC8D7-7897-4802-9694-F379F25C00CB}.Debug|Any CPU.ActiveCfg = Debug|Any CPU
		{FB9FC8D7-7897-4802-9694-F379F25C00CB}.Debug|Any CPU.Build.0 = Debug|Any CPU
		{FB9FC8D7-7897-4802-9694-F379F25C00CB}.Debug|Mixed Platforms.ActiveCfg = Debug|Any CPU
		{FB9FC8D7-7897-4802-9694-F379F25C00CB}.Debug|Mixed Platforms.Build.0 = Debug|Any CPU
		{FB9FC8D7-7897-4802-9694-F379F25C00CB}.Debug|x86.ActiveCfg = Debug|Any CPU
		{FB9FC8D7-7897-4802-9694-F379F25C00CB}.Release|Any CPU.ActiveCfg = Release|Any CPU
		{FB9FC8D7-7897-4802-9694-F379F25C00CB}.Release|Any CPU.Build.0 = Release|Any CPU
		{FB9FC8D7-7897-4802-9694-F379F25C00CB}.Release|Mixed Platforms.ActiveCfg = Release|Any CPU
		{FB9FC8D7-7897-4802-9694-F379F25C00CB}.Release|Mixed Platforms.Build.0 = Release|Any CPU
		{FB9FC8D7-7897-4802-9694-F379F25C00CB}.Release|x86.ActiveCfg = Release|Any CPU
		{F4024C01-1133-4A5A-B421-22EA8CA89EA5}.Debug|Any CPU.ActiveCfg = Debug|Any CPU
		{F4024C01-1133-4A5A-B421-22EA8CA89EA5}.Debug|Any CPU.Build.0 = Debug|Any CPU
		{F4024C01-1133-4A5A-B421-22EA8CA89EA5}.Debug|Mixed Platforms.ActiveCfg = Debug|Any CPU
		{F4024C01-1133-4A5A-B421-22EA8CA89EA5}.Debug|Mixed Platforms.Build.0 = Debug|Any CPU
		{F4024C01-1133-4A5A-B421-22EA8CA89EA5}.Debug|x86.ActiveCfg = Debug|Any CPU
		{F4024C01-1133-4A5A-B421-22EA8CA89EA5}.Release|Any CPU.ActiveCfg = Release|Any CPU
		{F4024C01-1133-4A5A-B421-22EA8CA89EA5}.Release|Any CPU.Build.0 = Release|Any CPU
		{F4024C01-1133-4A5A-B421-22EA8CA89EA5}.Release|Mixed Platforms.ActiveCfg = Release|Any CPU
		{F4024C01-1133-4A5A-B421-22EA8CA89EA5}.Release|Mixed Platforms.Build.0 = Release|Any CPU
		{F4024C01-1133-4A5A-B421-22EA8CA89EA5}.Release|x86.ActiveCfg = Release|Any CPU
		{C2241050-F23C-420B-AA67-60E94B34C2B2}.Debug|Any CPU.ActiveCfg = Debug|Any CPU
		{C2241050-F23C-420B-AA67-60E94B34C2B2}.Debug|Any CPU.Build.0 = Debug|Any CPU
		{C2241050-F23C-420B-AA67-60E94B34C2B2}.Debug|Mixed Platforms.ActiveCfg = Debug|Any CPU
		{C2241050-F23C-420B-AA67-60E94B34C2B2}.Debug|Mixed Platforms.Build.0 = Debug|Any CPU
		{C2241050-F23C-420B-AA67-60E94B34C2B2}.Debug|x86.ActiveCfg = Debug|Any CPU
		{C2241050-F23C-420B-AA67-60E94B34C2B2}.Release|Any CPU.ActiveCfg = Release|Any CPU
		{C2241050-F23C-420B-AA67-60E94B34C2B2}.Release|Any CPU.Build.0 = Release|Any CPU
		{C2241050-F23C-420B-AA67-60E94B34C2B2}.Release|Mixed Platforms.ActiveCfg = Release|Any CPU
		{C2241050-F23C-420B-AA67-60E94B34C2B2}.Release|Mixed Platforms.Build.0 = Release|Any CPU
		{C2241050-F23C-420B-AA67-60E94B34C2B2}.Release|x86.ActiveCfg = Release|Any CPU
		{52542D59-25EC-4EE4-8AF2-85DE50C70EA6}.Debug|Any CPU.ActiveCfg = Debug|Any CPU
		{52542D59-25EC-4EE4-8AF2-85DE50C70EA6}.Debug|Any CPU.Build.0 = Debug|Any CPU
		{52542D59-25EC-4EE4-8AF2-85DE50C70EA6}.Debug|Mixed Platforms.ActiveCfg = Debug|Any CPU
		{52542D59-25EC-4EE4-8AF2-85DE50C70EA6}.Debug|Mixed Platforms.Build.0 = Debug|Any CPU
		{52542D59-25EC-4EE4-8AF2-85DE50C70EA6}.Debug|x86.ActiveCfg = Debug|Any CPU
		{52542D59-25EC-4EE4-8AF2-85DE50C70EA6}.Release|Any CPU.ActiveCfg = Release|Any CPU
		{52542D59-25EC-4EE4-8AF2-85DE50C70EA6}.Release|Any CPU.Build.0 = Release|Any CPU
		{52542D59-25EC-4EE4-8AF2-85DE50C70EA6}.Release|Mixed Platforms.ActiveCfg = Release|Any CPU
		{52542D59-25EC-4EE4-8AF2-85DE50C70EA6}.Release|Mixed Platforms.Build.0 = Release|Any CPU
		{52542D59-25EC-4EE4-8AF2-85DE50C70EA6}.Release|x86.ActiveCfg = Release|Any CPU
		{A22C89E0-B5D4-4881-A61F-4B1FD82F2453}.Debug|Any CPU.ActiveCfg = Debug|Any CPU
		{A22C89E0-B5D4-4881-A61F-4B1FD82F2453}.Debug|Any CPU.Build.0 = Debug|Any CPU
		{A22C89E0-B5D4-4881-A61F-4B1FD82F2453}.Debug|Mixed Platforms.ActiveCfg = Debug|Any CPU
		{A22C89E0-B5D4-4881-A61F-4B1FD82F2453}.Debug|Mixed Platforms.Build.0 = Debug|Any CPU
		{A22C89E0-B5D4-4881-A61F-4B1FD82F2453}.Debug|x86.ActiveCfg = Debug|Any CPU
		{A22C89E0-B5D4-4881-A61F-4B1FD82F2453}.Release|Any CPU.ActiveCfg = Release|Any CPU
		{A22C89E0-B5D4-4881-A61F-4B1FD82F2453}.Release|Any CPU.Build.0 = Release|Any CPU
		{A22C89E0-B5D4-4881-A61F-4B1FD82F2453}.Release|Mixed Platforms.ActiveCfg = Release|Any CPU
		{A22C89E0-B5D4-4881-A61F-4B1FD82F2453}.Release|Mixed Platforms.Build.0 = Release|Any CPU
		{A22C89E0-B5D4-4881-A61F-4B1FD82F2453}.Release|x86.ActiveCfg = Release|Any CPU
		{98008721-C4DD-4F34-B3AE-A3453E29BB65}.Debug|Any CPU.ActiveCfg = Debug|Any CPU
		{98008721-C4DD-4F34-B3AE-A3453E29BB65}.Debug|Any CPU.Build.0 = Debug|Any CPU
		{98008721-C4DD-4F34-B3AE-A3453E29BB65}.Debug|Mixed Platforms.ActiveCfg = Debug|Any CPU
		{98008721-C4DD-4F34-B3AE-A3453E29BB65}.Debug|Mixed Platforms.Build.0 = Debug|Any CPU
		{98008721-C4DD-4F34-B3AE-A3453E29BB65}.Debug|x86.ActiveCfg = Debug|Any CPU
		{98008721-C4DD-4F34-B3AE-A3453E29BB65}.Release|Any CPU.ActiveCfg = Release|Any CPU
		{98008721-C4DD-4F34-B3AE-A3453E29BB65}.Release|Any CPU.Build.0 = Release|Any CPU
		{98008721-C4DD-4F34-B3AE-A3453E29BB65}.Release|Mixed Platforms.ActiveCfg = Release|Any CPU
		{98008721-C4DD-4F34-B3AE-A3453E29BB65}.Release|Mixed Platforms.Build.0 = Release|Any CPU
		{98008721-C4DD-4F34-B3AE-A3453E29BB65}.Release|x86.ActiveCfg = Release|Any CPU
		{276B8174-A24E-4257-9969-42D692F8CAC2}.Debug|Any CPU.ActiveCfg = Debug|Any CPU
		{276B8174-A24E-4257-9969-42D692F8CAC2}.Debug|Any CPU.Build.0 = Debug|Any CPU
		{276B8174-A24E-4257-9969-42D692F8CAC2}.Debug|Mixed Platforms.ActiveCfg = Debug|Any CPU
		{276B8174-A24E-4257-9969-42D692F8CAC2}.Debug|Mixed Platforms.Build.0 = Debug|Any CPU
		{276B8174-A24E-4257-9969-42D692F8CAC2}.Debug|x86.ActiveCfg = Debug|Any CPU
		{276B8174-A24E-4257-9969-42D692F8CAC2}.Release|Any CPU.ActiveCfg = Release|Any CPU
		{276B8174-A24E-4257-9969-42D692F8CAC2}.Release|Any CPU.Build.0 = Release|Any CPU
		{276B8174-A24E-4257-9969-42D692F8CAC2}.Release|Mixed Platforms.ActiveCfg = Release|Any CPU
		{276B8174-A24E-4257-9969-42D692F8CAC2}.Release|Mixed Platforms.Build.0 = Release|Any CPU
		{276B8174-A24E-4257-9969-42D692F8CAC2}.Release|x86.ActiveCfg = Release|Any CPU
		{6BCCF138-2EFB-464C-B872-E3079F0A4708}.Debug|Any CPU.ActiveCfg = Debug|Any CPU
		{6BCCF138-2EFB-464C-B872-E3079F0A4708}.Debug|Any CPU.Build.0 = Debug|Any CPU
		{6BCCF138-2EFB-464C-B872-E3079F0A4708}.Debug|Mixed Platforms.ActiveCfg = Debug|Any CPU
		{6BCCF138-2EFB-464C-B872-E3079F0A4708}.Debug|Mixed Platforms.Build.0 = Debug|Any CPU
		{6BCCF138-2EFB-464C-B872-E3079F0A4708}.Debug|x86.ActiveCfg = Debug|Any CPU
		{6BCCF138-2EFB-464C-B872-E3079F0A4708}.Release|Any CPU.ActiveCfg = Release|Any CPU
		{6BCCF138-2EFB-464C-B872-E3079F0A4708}.Release|Any CPU.Build.0 = Release|Any CPU
		{6BCCF138-2EFB-464C-B872-E3079F0A4708}.Release|Mixed Platforms.ActiveCfg = Release|Any CPU
		{6BCCF138-2EFB-464C-B872-E3079F0A4708}.Release|Mixed Platforms.Build.0 = Release|Any CPU
		{6BCCF138-2EFB-464C-B872-E3079F0A4708}.Release|x86.ActiveCfg = Release|Any CPU
		{1BCEC4DE-A73D-49A6-869F-EDA4AB6B41EF}.Debug|Any CPU.ActiveCfg = Debug|Any CPU
		{1BCEC4DE-A73D-49A6-869F-EDA4AB6B41EF}.Debug|Any CPU.Build.0 = Debug|Any CPU
		{1BCEC4DE-A73D-49A6-869F-EDA4AB6B41EF}.Debug|Mixed Platforms.ActiveCfg = Debug|Any CPU
		{1BCEC4DE-A73D-49A6-869F-EDA4AB6B41EF}.Debug|Mixed Platforms.Build.0 = Debug|Any CPU
		{1BCEC4DE-A73D-49A6-869F-EDA4AB6B41EF}.Debug|x86.ActiveCfg = Debug|Any CPU
		{1BCEC4DE-A73D-49A6-869F-EDA4AB6B41EF}.Release|Any CPU.ActiveCfg = Release|Any CPU
		{1BCEC4DE-A73D-49A6-869F-EDA4AB6B41EF}.Release|Any CPU.Build.0 = Release|Any CPU
		{1BCEC4DE-A73D-49A6-869F-EDA4AB6B41EF}.Release|Mixed Platforms.ActiveCfg = Release|Any CPU
		{1BCEC4DE-A73D-49A6-869F-EDA4AB6B41EF}.Release|Mixed Platforms.Build.0 = Release|Any CPU
		{1BCEC4DE-A73D-49A6-869F-EDA4AB6B41EF}.Release|x86.ActiveCfg = Release|Any CPU
		{2E78FB6A-EE17-4EE4-9D8D-BE9AE675C69D}.Debug|Any CPU.ActiveCfg = Debug|Any CPU
		{2E78FB6A-EE17-4EE4-9D8D-BE9AE675C69D}.Debug|Any CPU.Build.0 = Debug|Any CPU
		{2E78FB6A-EE17-4EE4-9D8D-BE9AE675C69D}.Debug|Mixed Platforms.ActiveCfg = Debug|Any CPU
		{2E78FB6A-EE17-4EE4-9D8D-BE9AE675C69D}.Debug|Mixed Platforms.Build.0 = Debug|Any CPU
		{2E78FB6A-EE17-4EE4-9D8D-BE9AE675C69D}.Debug|x86.ActiveCfg = Debug|Any CPU
		{2E78FB6A-EE17-4EE4-9D8D-BE9AE675C69D}.Release|Any CPU.ActiveCfg = Release|Any CPU
		{2E78FB6A-EE17-4EE4-9D8D-BE9AE675C69D}.Release|Any CPU.Build.0 = Release|Any CPU
		{2E78FB6A-EE17-4EE4-9D8D-BE9AE675C69D}.Release|Mixed Platforms.ActiveCfg = Release|Any CPU
		{2E78FB6A-EE17-4EE4-9D8D-BE9AE675C69D}.Release|Mixed Platforms.Build.0 = Release|Any CPU
		{2E78FB6A-EE17-4EE4-9D8D-BE9AE675C69D}.Release|x86.ActiveCfg = Release|Any CPU
	EndGlobalSection
	GlobalSection(SolutionProperties) = preSolution
		HideSolutionNode = FALSE
	EndGlobalSection
	GlobalSection(NestedProjects) = preSolution
		{047A98B2-BC96-41B4-ADD8-2167FB1B6502} = {E29C6340-FD50-4857-8C45-7BA227646B00}
		{11DC3AE9-D19F-4426-A7C8-15F17DE815BF} = {E29C6340-FD50-4857-8C45-7BA227646B00}
		{549466CE-5CA6-4904-BA44-58141544BE70} = {E29C6340-FD50-4857-8C45-7BA227646B00}
		{E04C2A53-3981-44D4-94AF-6AC07D97CDE8} = {F0743B6A-25EB-4D79-B5ED-AFB4F25C91B5}
		{FB9FC8D7-7897-4802-9694-F379F25C00CB} = {F0743B6A-25EB-4D79-B5ED-AFB4F25C91B5}
		{F4024C01-1133-4A5A-B421-22EA8CA89EA5} = {F0743B6A-25EB-4D79-B5ED-AFB4F25C91B5}
		{1BCEC4DE-A73D-49A6-869F-EDA4AB6B41EF} = {F0743B6A-25EB-4D79-B5ED-AFB4F25C91B5}
		{2E78FB6A-EE17-4EE4-9D8D-BE9AE675C69D} = {F0743B6A-25EB-4D79-B5ED-AFB4F25C91B5}
		{95D9690B-3B37-4800-A511-6FB21436638B} = {F0743B6A-25EB-4D79-B5ED-AFB4F25C91B5}
		{52542D59-25EC-4EE4-8AF2-85DE50C70EA6} = {1BB61851-D01A-4788-8033-C1821FC3738B}
		{A22C89E0-B5D4-4881-A61F-4B1FD82F2453} = {1BB61851-D01A-4788-8033-C1821FC3738B}
		{98008721-C4DD-4F34-B3AE-A3453E29BB65} = {1BB61851-D01A-4788-8033-C1821FC3738B}
		{276B8174-A24E-4257-9969-42D692F8CAC2} = {1BB61851-D01A-4788-8033-C1821FC3738B}
		{6BCCF138-2EFB-464C-B872-E3079F0A4708} = {1BB61851-D01A-4788-8033-C1821FC3738B}
		{C2241050-F23C-420B-AA67-60E94B34C2B2} = {1BB61851-D01A-4788-8033-C1821FC3738B}
	EndGlobalSection
EndGlobal
