Microsoft Visual Studio Solution File, Format Version 12.00
# Visual Studio 15
VisualStudioVersion = 15.0.27130.2024
MinimumVisualStudioVersion = 10.0.40219.1
Project("{2150E333-8FDC-42A3-9474-1A3956D46DE8}") = "Solution Items", "Solution Items", "{E1C14695-E75F-4317-919A-5341EA1F9C01}"
	ProjectSection(SolutionItems) = preProject
		DotNetZip.vsmdi = DotNetZip.vsmdi
	EndProjectSection
EndProject
Project("{FAE04EC0-301F-11D3-BF4B-00C04F79EFBC}") = "Zip DLL", "Zip\Zip DLL.csproj", "{D3B0AD67-44D8-4B3D-BED9-CE1FD6DE2C5A}"
EndProject
Project("{FAE04EC0-301F-11D3-BF4B-00C04F79EFBC}") = "Zip Tests", "Zip Tests\Zip Tests.csproj", "{549466CE-5CA6-4904-BA44-58141544BE70}"
EndProject
Project("{FAE04EC0-301F-11D3-BF4B-00C04F79EFBC}") = "Zlib DLL", "Zlib\Zlib DLL.csproj", "{9816BA86-9250-4C00-A912-25F07F8677D1}"
EndProject
Project("{FAE04EC0-301F-11D3-BF4B-00C04F79EFBC}") = "Zlib Tests", "Zlib Tests\Zlib Tests.csproj", "{047A98B2-BC96-41B4-ADD8-2167FB1B6502}"
EndProject
Project("{FAE04EC0-301F-11D3-BF4B-00C04F79EFBC}") = "BZip2 DLL", "BZip2\BZip2 DLL.csproj", "{E2CE0D56-7AF8-4404-BD0C-BC562CBD74D4}"
EndProject
Project("{FAE04EC0-301F-11D3-BF4B-00C04F79EFBC}") = "BZip2 Tests", "BZip2 Tests\BZip2 Tests.csproj", "{11DC3AE9-D19F-4426-A7C8-15F17DE815BF}"
EndProject
Project("{FAE04EC0-301F-11D3-BF4B-00C04F79EFBC}") = "Zip Reduced", "Zip Reduced\Zip Reduced.csproj", "{49A128D3-C3F2-46B1-8F7A-EECD209EA860}"
EndProject
Project("{F184B08F-C81C-45F6-A57F-5ABD9991F28F}") = "QuickUnzip", "Examples\VB\Quick-Unzip\QuickUnzip.vbproj", "{95D9690B-3B37-4800-A511-6FB21436638B}"
EndProject
Project("{FAE04EC0-301F-11D3-BF4B-00C04F79EFBC}") = "ZipDir", "Examples\C#\ZipDir\ZipDir.csproj", "{E04C2A53-3981-44D4-94AF-6AC07D97CDE8}"
EndProject
Project("{FAE04EC0-301F-11D3-BF4B-00C04F79EFBC}") = "CreateZip", "Examples\C#\CreateZip\CreateZip.csproj", "{FB9FC8D7-7897-4802-9694-F379F25C00CB}"
EndProject
Project("{FAE04EC0-301F-11D3-BF4B-00C04F79EFBC}") = "ReadZip", "Examples\C#\ReadZip\ReadZip.csproj", "{F4024C01-1133-4A5A-B421-22EA8CA89EA5}"
EndProject
Project("{FAE04EC0-301F-11D3-BF4B-00C04F79EFBC}") = "BZip2", "Tools\BZip2\BZip2.csproj", "{C2241050-F23C-420B-AA67-60E94B34C2B2}"
EndProject
Project("{FAE04EC0-301F-11D3-BF4B-00C04F79EFBC}") = "GZip", "Tools\GZip\GZip.csproj", "{52542D59-25EC-4EE4-8AF2-85DE50C70EA6}"
EndProject
Project("{FAE04EC0-301F-11D3-BF4B-00C04F79EFBC}") = "UnZip", "Tools\UnZip\UnZip.csproj", "{A22C89E0-B5D4-4881-A61F-4B1FD82F2453}"
EndProject
Project("{FAE04EC0-301F-11D3-BF4B-00C04F79EFBC}") = "ZipIt", "Tools\ZipIt\ZipIt.csproj", "{98008721-C4DD-4F34-B3AE-A3453E29BB65}"
EndProject
Project("{FAE04EC0-301F-11D3-BF4B-00C04F79EFBC}") = "ConvertZipToSfx", "Tools\ConvertZipToSfx\ConvertZipToSfx.csproj", "{276B8174-A24E-4257-9969-42D692F8CAC2}"
EndProject
Project("{FAE04EC0-301F-11D3-BF4B-00C04F79EFBC}") = "Win Forms App", "Tools\WinFormsApp\Win Forms App.csproj", "{6BCCF138-2EFB-464C-B872-E3079F0A4708}"
EndProject
Project("{FAE04EC0-301F-11D3-BF4B-00C04F79EFBC}") = "ZipTreeView", "Examples\C#\ZipTreeView\ZipTreeView.csproj", "{1BCEC4DE-A73D-49A6-869F-EDA4AB6B41EF}"
EndProject
Project("{F184B08F-C81C-45F6-A57F-5ABD9991F28F}") = "WinForms-TreeViewZip", "Examples\VB\WinForms-TreeViewZip\WinForms-TreeViewZip\WinForms-TreeViewZip.vbproj", "{2E78FB6A-EE17-4EE4-9D8D-BE9AE675C69D}"
EndProject
Project("{2150E333-8FDC-42A3-9474-1A3956D46DE8}") = "Tools", "Tools", "{1BB61851-D01A-4788-8033-C1821FC3738B}"
EndProject
Project("{2150E333-8FDC-42A3-9474-1A3956D46DE8}") = "Examples", "Examples", "{F0743B6A-25EB-4D79-B5ED-AFB4F25C91B5}"
EndProject
Project("{2150E333-8FDC-42A3-9474-1A3956D46DE8}") = "Portable", "Portable", "{7CFA8083-4960-4BFE-8DF0-16034C828CDE}"
EndProject
Project("{2150E333-8FDC-42A3-9474-1A3956D46DE8}") = "Tests", "Tests", "{E29C6340-FD50-4857-8C45-7BA227646B00}"
EndProject
Project("{D954291E-2A0B-460D-934E-DC6B0785DB48}") = "Zlib.Shared", "Zlib.Shared\Zlib.Shared.shproj", "{C6B960DA-45D1-4D38-8697-05C0BA439503}"
EndProject
Project("{FAE04EC0-301F-11D3-BF4B-00C04F79EFBC}") = "Zlib.Portable", "Zlib.Portable\Zlib.Portable.csproj", "{27C3F919-13F1-4F71-A169-56EB5982CD6D}"
EndProject
Project("{FAE04EC0-301F-11D3-BF4B-00C04F79EFBC}") = "Zip.Android", "Zip.Android\Zip.Android.csproj", "{D4BC9EF7-EE33-461C-BCF5-AF0B48217061}"
EndProject
Project("{D954291E-2A0B-460D-934E-DC6B0785DB48}") = "Zip.Shared", "Zip.Shared\Zip.Shared.shproj", "{7949FE94-56F9-4CC4-BA24-B9C3B3CDF325}"
EndProject
Project("{FAE04EC0-301F-11D3-BF4B-00C04F79EFBC}") = "Zip.iOS", "Zip.iOS\Zip.iOS.csproj", "{4AD2A092-2C90-4C76-A8D5-4B56F718626F}"
EndProject
Project("{9A19103F-16F7-4668-BE54-9A1E7A4F7556}") = "Zip NetStandard", "Zip NetStandard\Zip NetStandard.csproj", "{C609AB31-BFBA-47BF-B0C4-CF0FE381C938}"
EndProject
Project("{FAE04EC0-301F-11D3-BF4B-00C04F79EFBC}") = "ListContents", "ListContents\ListContents.csproj", "{D269BAF7-02BD-4E29-93E9-81E4CBB0BD59}"
EndProject
Global
	GlobalSection(SharedMSBuildProjectFiles) = preSolution
		Zlib.Shared\Zlib.Shared.projitems*{27c3f919-13f1-4f71-a169-56eb5982cd6d}*SharedItemsImports = 4
		Zip.Shared\Zip.Shared.projitems*{49a128d3-c3f2-46b1-8f7a-eecd209ea860}*SharedItemsImports = 4
		Zlib.Shared\Zlib.Shared.projitems*{49a128d3-c3f2-46b1-8f7a-eecd209ea860}*SharedItemsImports = 4
		Zip.Shared\Zip.Shared.projitems*{4ad2a092-2c90-4c76-a8d5-4b56f718626f}*SharedItemsImports = 4
		Zip.Shared\Zip.Shared.projitems*{7949fe94-56f9-4cc4-ba24-b9c3b3cdf325}*SharedItemsImports = 13
		Zlib.Shared\Zlib.Shared.projitems*{9816ba86-9250-4c00-a912-25f07f8677d1}*SharedItemsImports = 4
		Zlib.Shared\Zlib.Shared.projitems*{c6b960da-45d1-4d38-8697-05c0ba439503}*SharedItemsImports = 13
		Zip.Shared\Zip.Shared.projitems*{d3b0ad67-44d8-4b3d-bed9-ce1fd6de2c5a}*SharedItemsImports = 4
		Zlib.Shared\Zlib.Shared.projitems*{d3b0ad67-44d8-4b3d-bed9-ce1fd6de2c5a}*SharedItemsImports = 4
		Zip.Shared\Zip.Shared.projitems*{d4bc9ef7-ee33-461c-bcf5-af0b48217061}*SharedItemsImports = 4
	EndGlobalSection
	GlobalSection(SolutionConfigurationPlatforms) = preSolution
		Debug|Any CPU = Debug|Any CPU
		Debug|ARM = Debug|ARM
		Debug|Mixed Platforms = Debug|Mixed Platforms
		Debug|x86 = Debug|x86
		Release|Any CPU = Release|Any CPU
		Release|ARM = Release|ARM
		Release|Mixed Platforms = Release|Mixed Platforms
		Release|x86 = Release|x86
	EndGlobalSection
	GlobalSection(ProjectConfigurationPlatforms) = postSolution
		{D3B0AD67-44D8-4B3D-BED9-CE1FD6DE2C5A}.Debug|Any CPU.ActiveCfg = Debug|Any CPU
		{D3B0AD67-44D8-4B3D-BED9-CE1FD6DE2C5A}.Debug|Any CPU.Build.0 = Debug|Any CPU
		{D3B0AD67-44D8-4B3D-BED9-CE1FD6DE2C5A}.Debug|ARM.ActiveCfg = Debug|Any CPU
		{D3B0AD67-44D8-4B3D-BED9-CE1FD6DE2C5A}.Debug|ARM.Build.0 = Debug|Any CPU
		{D3B0AD67-44D8-4B3D-BED9-CE1FD6DE2C5A}.Debug|Mixed Platforms.ActiveCfg = Debug|Any CPU
		{D3B0AD67-44D8-4B3D-BED9-CE1FD6DE2C5A}.Debug|Mixed Platforms.Build.0 = Debug|Any CPU
		{D3B0AD67-44D8-4B3D-BED9-CE1FD6DE2C5A}.Debug|x86.ActiveCfg = Debug|Any CPU
		{D3B0AD67-44D8-4B3D-BED9-CE1FD6DE2C5A}.Release|Any CPU.ActiveCfg = Release|Any CPU
		{D3B0AD67-44D8-4B3D-BED9-CE1FD6DE2C5A}.Release|Any CPU.Build.0 = Release|Any CPU
		{D3B0AD67-44D8-4B3D-BED9-CE1FD6DE2C5A}.Release|ARM.ActiveCfg = Release|Any CPU
		{D3B0AD67-44D8-4B3D-BED9-CE1FD6DE2C5A}.Release|ARM.Build.0 = Release|Any CPU
		{D3B0AD67-44D8-4B3D-BED9-CE1FD6DE2C5A}.Release|Mixed Platforms.ActiveCfg = Release|Any CPU
		{D3B0AD67-44D8-4B3D-BED9-CE1FD6DE2C5A}.Release|Mixed Platforms.Build.0 = Release|Any CPU
		{D3B0AD67-44D8-4B3D-BED9-CE1FD6DE2C5A}.Release|x86.ActiveCfg = Release|Any CPU
		{549466CE-5CA6-4904-BA44-58141544BE70}.Debug|Any CPU.ActiveCfg = Debug|Any CPU
		{549466CE-5CA6-4904-BA44-58141544BE70}.Debug|Any CPU.Build.0 = Debug|Any CPU
		{549466CE-5CA6-4904-BA44-58141544BE70}.Debug|ARM.ActiveCfg = Debug|Any CPU
		{549466CE-5CA6-4904-BA44-58141544BE70}.Debug|ARM.Build.0 = Debug|Any CPU
		{549466CE-5CA6-4904-BA44-58141544BE70}.Debug|Mixed Platforms.ActiveCfg = Debug|Any CPU
		{549466CE-5CA6-4904-BA44-58141544BE70}.Debug|Mixed Platforms.Build.0 = Debug|Any CPU
		{549466CE-5CA6-4904-BA44-58141544BE70}.Debug|x86.ActiveCfg = Debug|Any CPU
		{549466CE-5CA6-4904-BA44-58141544BE70}.Release|Any CPU.ActiveCfg = Release|Any CPU
		{549466CE-5CA6-4904-BA44-58141544BE70}.Release|Any CPU.Build.0 = Release|Any CPU
		{549466CE-5CA6-4904-BA44-58141544BE70}.Release|ARM.ActiveCfg = Release|Any CPU
		{549466CE-5CA6-4904-BA44-58141544BE70}.Release|ARM.Build.0 = Release|Any CPU
		{549466CE-5CA6-4904-BA44-58141544BE70}.Release|Mixed Platforms.ActiveCfg = Release|Any CPU
		{549466CE-5CA6-4904-BA44-58141544BE70}.Release|Mixed Platforms.Build.0 = Release|Any CPU
		{549466CE-5CA6-4904-BA44-58141544BE70}.Release|x86.ActiveCfg = Release|Any CPU
		{9816BA86-9250-4C00-A912-25F07F8677D1}.Debug|Any CPU.ActiveCfg = Debug|Any CPU
		{9816BA86-9250-4C00-A912-25F07F8677D1}.Debug|Any CPU.Build.0 = Debug|Any CPU
		{9816BA86-9250-4C00-A912-25F07F8677D1}.Debug|ARM.ActiveCfg = Debug|Any CPU
		{9816BA86-9250-4C00-A912-25F07F8677D1}.Debug|ARM.Build.0 = Debug|Any CPU
		{9816BA86-9250-4C00-A912-25F07F8677D1}.Debug|Mixed Platforms.ActiveCfg = Debug|Any CPU
		{9816BA86-9250-4C00-A912-25F07F8677D1}.Debug|Mixed Platforms.Build.0 = Debug|Any CPU
		{9816BA86-9250-4C00-A912-25F07F8677D1}.Debug|x86.ActiveCfg = Debug|Any CPU
		{9816BA86-9250-4C00-A912-25F07F8677D1}.Release|Any CPU.ActiveCfg = Release|Any CPU
		{9816BA86-9250-4C00-A912-25F07F8677D1}.Release|Any CPU.Build.0 = Release|Any CPU
		{9816BA86-9250-4C00-A912-25F07F8677D1}.Release|ARM.ActiveCfg = Release|Any CPU
		{9816BA86-9250-4C00-A912-25F07F8677D1}.Release|ARM.Build.0 = Release|Any CPU
		{9816BA86-9250-4C00-A912-25F07F8677D1}.Release|Mixed Platforms.ActiveCfg = Release|Any CPU
		{9816BA86-9250-4C00-A912-25F07F8677D1}.Release|Mixed Platforms.Build.0 = Release|Any CPU
		{9816BA86-9250-4C00-A912-25F07F8677D1}.Release|x86.ActiveCfg = Release|Any CPU
		{047A98B2-BC96-41B4-ADD8-2167FB1B6502}.Debug|Any CPU.ActiveCfg = Debug|Any CPU
		{047A98B2-BC96-41B4-ADD8-2167FB1B6502}.Debug|Any CPU.Build.0 = Debug|Any CPU
		{047A98B2-BC96-41B4-ADD8-2167FB1B6502}.Debug|ARM.ActiveCfg = Debug|Any CPU
		{047A98B2-BC96-41B4-ADD8-2167FB1B6502}.Debug|ARM.Build.0 = Debug|Any CPU
		{047A98B2-BC96-41B4-ADD8-2167FB1B6502}.Debug|Mixed Platforms.ActiveCfg = Debug|Any CPU
		{047A98B2-BC96-41B4-ADD8-2167FB1B6502}.Debug|Mixed Platforms.Build.0 = Debug|Any CPU
		{047A98B2-BC96-41B4-ADD8-2167FB1B6502}.Debug|x86.ActiveCfg = Debug|Any CPU
		{047A98B2-BC96-41B4-ADD8-2167FB1B6502}.Release|Any CPU.ActiveCfg = Release|Any CPU
		{047A98B2-BC96-41B4-ADD8-2167FB1B6502}.Release|Any CPU.Build.0 = Release|Any CPU
		{047A98B2-BC96-41B4-ADD8-2167FB1B6502}.Release|ARM.ActiveCfg = Release|Any CPU
		{047A98B2-BC96-41B4-ADD8-2167FB1B6502}.Release|ARM.Build.0 = Release|Any CPU
		{047A98B2-BC96-41B4-ADD8-2167FB1B6502}.Release|Mixed Platforms.ActiveCfg = Release|Any CPU
		{047A98B2-BC96-41B4-ADD8-2167FB1B6502}.Release|Mixed Platforms.Build.0 = Release|Any CPU
		{047A98B2-BC96-41B4-ADD8-2167FB1B6502}.Release|x86.ActiveCfg = Release|Any CPU
		{E2CE0D56-7AF8-4404-BD0C-BC562CBD74D4}.Debug|Any CPU.ActiveCfg = Debug|Any CPU
		{E2CE0D56-7AF8-4404-BD0C-BC562CBD74D4}.Debug|Any CPU.Build.0 = Debug|Any CPU
		{E2CE0D56-7AF8-4404-BD0C-BC562CBD74D4}.Debug|ARM.ActiveCfg = Debug|Any CPU
		{E2CE0D56-7AF8-4404-BD0C-BC562CBD74D4}.Debug|ARM.Build.0 = Debug|Any CPU
		{E2CE0D56-7AF8-4404-BD0C-BC562CBD74D4}.Debug|Mixed Platforms.ActiveCfg = Debug|Any CPU
		{E2CE0D56-7AF8-4404-BD0C-BC562CBD74D4}.Debug|Mixed Platforms.Build.0 = Debug|Any CPU
		{E2CE0D56-7AF8-4404-BD0C-BC562CBD74D4}.Debug|x86.ActiveCfg = Debug|Any CPU
		{E2CE0D56-7AF8-4404-BD0C-BC562CBD74D4}.Release|Any CPU.ActiveCfg = Release|Any CPU
		{E2CE0D56-7AF8-4404-BD0C-BC562CBD74D4}.Release|Any CPU.Build.0 = Release|Any CPU
		{E2CE0D56-7AF8-4404-BD0C-BC562CBD74D4}.Release|ARM.ActiveCfg = Release|Any CPU
		{E2CE0D56-7AF8-4404-BD0C-BC562CBD74D4}.Release|ARM.Build.0 = Release|Any CPU
		{E2CE0D56-7AF8-4404-BD0C-BC562CBD74D4}.Release|Mixed Platforms.ActiveCfg = Release|Any CPU
		{E2CE0D56-7AF8-4404-BD0C-BC562CBD74D4}.Release|Mixed Platforms.Build.0 = Release|Any CPU
		{E2CE0D56-7AF8-4404-BD0C-BC562CBD74D4}.Release|x86.ActiveCfg = Release|Any CPU
		{11DC3AE9-D19F-4426-A7C8-15F17DE815BF}.Debug|Any CPU.ActiveCfg = Debug|Any CPU
		{11DC3AE9-D19F-4426-A7C8-15F17DE815BF}.Debug|Any CPU.Build.0 = Debug|Any CPU
		{11DC3AE9-D19F-4426-A7C8-15F17DE815BF}.Debug|ARM.ActiveCfg = Debug|Any CPU
		{11DC3AE9-D19F-4426-A7C8-15F17DE815BF}.Debug|ARM.Build.0 = Debug|Any CPU
		{11DC3AE9-D19F-4426-A7C8-15F17DE815BF}.Debug|Mixed Platforms.ActiveCfg = Debug|Any CPU
		{11DC3AE9-D19F-4426-A7C8-15F17DE815BF}.Debug|Mixed Platforms.Build.0 = Debug|Any CPU
		{11DC3AE9-D19F-4426-A7C8-15F17DE815BF}.Debug|x86.ActiveCfg = Debug|Any CPU
		{11DC3AE9-D19F-4426-A7C8-15F17DE815BF}.Release|Any CPU.ActiveCfg = Release|Any CPU
		{11DC3AE9-D19F-4426-A7C8-15F17DE815BF}.Release|Any CPU.Build.0 = Release|Any CPU
		{11DC3AE9-D19F-4426-A7C8-15F17DE815BF}.Release|ARM.ActiveCfg = Release|Any CPU
		{11DC3AE9-D19F-4426-A7C8-15F17DE815BF}.Release|ARM.Build.0 = Release|Any CPU
		{11DC3AE9-D19F-4426-A7C8-15F17DE815BF}.Release|Mixed Platforms.ActiveCfg = Release|Any CPU
		{11DC3AE9-D19F-4426-A7C8-15F17DE815BF}.Release|Mixed Platforms.Build.0 = Release|Any CPU
		{11DC3AE9-D19F-4426-A7C8-15F17DE815BF}.Release|x86.ActiveCfg = Release|Any CPU
		{49A128D3-C3F2-46B1-8F7A-EECD209EA860}.Debug|Any CPU.ActiveCfg = Debug|Any CPU
		{49A128D3-C3F2-46B1-8F7A-EECD209EA860}.Debug|Any CPU.Build.0 = Debug|Any CPU
		{49A128D3-C3F2-46B1-8F7A-EECD209EA860}.Debug|ARM.ActiveCfg = Debug|Any CPU
		{49A128D3-C3F2-46B1-8F7A-EECD209EA860}.Debug|ARM.Build.0 = Debug|Any CPU
		{49A128D3-C3F2-46B1-8F7A-EECD209EA860}.Debug|Mixed Platforms.ActiveCfg = Debug|Any CPU
		{49A128D3-C3F2-46B1-8F7A-EECD209EA860}.Debug|Mixed Platforms.Build.0 = Debug|Any CPU
		{49A128D3-C3F2-46B1-8F7A-EECD209EA860}.Debug|x86.ActiveCfg = Debug|Any CPU
		{49A128D3-C3F2-46B1-8F7A-EECD209EA860}.Release|Any CPU.ActiveCfg = Release|Any CPU
		{49A128D3-C3F2-46B1-8F7A-EECD209EA860}.Release|Any CPU.Build.0 = Release|Any CPU
		{49A128D3-C3F2-46B1-8F7A-EECD209EA860}.Release|ARM.ActiveCfg = Release|Any CPU
		{49A128D3-C3F2-46B1-8F7A-EECD209EA860}.Release|ARM.Build.0 = Release|Any CPU
		{49A128D3-C3F2-46B1-8F7A-EECD209EA860}.Release|Mixed Platforms.ActiveCfg = Release|Any CPU
		{49A128D3-C3F2-46B1-8F7A-EECD209EA860}.Release|Mixed Platforms.Build.0 = Release|Any CPU
		{49A128D3-C3F2-46B1-8F7A-EECD209EA860}.Release|x86.ActiveCfg = Release|Any CPU
		{95D9690B-3B37-4800-A511-6FB21436638B}.Debug|Any CPU.ActiveCfg = Debug|Any CPU
		{95D9690B-3B37-4800-A511-6FB21436638B}.Debug|Any CPU.Build.0 = Debug|Any CPU
		{95D9690B-3B37-4800-A511-6FB21436638B}.Debug|ARM.ActiveCfg = Debug|Any CPU
		{95D9690B-3B37-4800-A511-6FB21436638B}.Debug|ARM.Build.0 = Debug|Any CPU
		{95D9690B-3B37-4800-A511-6FB21436638B}.Debug|Mixed Platforms.ActiveCfg = Debug|Any CPU
		{95D9690B-3B37-4800-A511-6FB21436638B}.Debug|Mixed Platforms.Build.0 = Debug|Any CPU
		{95D9690B-3B37-4800-A511-6FB21436638B}.Debug|x86.ActiveCfg = Debug|Any CPU
		{95D9690B-3B37-4800-A511-6FB21436638B}.Release|Any CPU.ActiveCfg = Release|Any CPU
		{95D9690B-3B37-4800-A511-6FB21436638B}.Release|Any CPU.Build.0 = Release|Any CPU
		{95D9690B-3B37-4800-A511-6FB21436638B}.Release|ARM.ActiveCfg = Release|Any CPU
		{95D9690B-3B37-4800-A511-6FB21436638B}.Release|ARM.Build.0 = Release|Any CPU
		{95D9690B-3B37-4800-A511-6FB21436638B}.Release|Mixed Platforms.ActiveCfg = Release|Any CPU
		{95D9690B-3B37-4800-A511-6FB21436638B}.Release|Mixed Platforms.Build.0 = Release|Any CPU
		{95D9690B-3B37-4800-A511-6FB21436638B}.Release|x86.ActiveCfg = Release|Any CPU
		{E04C2A53-3981-44D4-94AF-6AC07D97CDE8}.Debug|Any CPU.ActiveCfg = Debug|Any CPU
		{E04C2A53-3981-44D4-94AF-6AC07D97CDE8}.Debug|Any CPU.Build.0 = Debug|Any CPU
		{E04C2A53-3981-44D4-94AF-6AC07D97CDE8}.Debug|ARM.ActiveCfg = Debug|Any CPU
		{E04C2A53-3981-44D4-94AF-6AC07D97CDE8}.Debug|ARM.Build.0 = Debug|Any CPU
		{E04C2A53-3981-44D4-94AF-6AC07D97CDE8}.Debug|Mixed Platforms.ActiveCfg = Debug|Any CPU
		{E04C2A53-3981-44D4-94AF-6AC07D97CDE8}.Debug|Mixed Platforms.Build.0 = Debug|Any CPU
		{E04C2A53-3981-44D4-94AF-6AC07D97CDE8}.Debug|x86.ActiveCfg = Debug|Any CPU
		{E04C2A53-3981-44D4-94AF-6AC07D97CDE8}.Release|Any CPU.ActiveCfg = Release|Any CPU
		{E04C2A53-3981-44D4-94AF-6AC07D97CDE8}.Release|Any CPU.Build.0 = Release|Any CPU
		{E04C2A53-3981-44D4-94AF-6AC07D97CDE8}.Release|ARM.ActiveCfg = Release|Any CPU
		{E04C2A53-3981-44D4-94AF-6AC07D97CDE8}.Release|ARM.Build.0 = Release|Any CPU
		{E04C2A53-3981-44D4-94AF-6AC07D97CDE8}.Release|Mixed Platforms.ActiveCfg = Release|Any CPU
		{E04C2A53-3981-44D4-94AF-6AC07D97CDE8}.Release|Mixed Platforms.Build.0 = Release|Any CPU
		{E04C2A53-3981-44D4-94AF-6AC07D97CDE8}.Release|x86.ActiveCfg = Release|Any CPU
		{FB9FC8D7-7897-4802-9694-F379F25C00CB}.Debug|Any CPU.ActiveCfg = Debug|Any CPU
		{FB9FC8D7-7897-4802-9694-F379F25C00CB}.Debug|Any CPU.Build.0 = Debug|Any CPU
		{FB9FC8D7-7897-4802-9694-F379F25C00CB}.Debug|ARM.ActiveCfg = Debug|Any CPU
		{FB9FC8D7-7897-4802-9694-F379F25C00CB}.Debug|ARM.Build.0 = Debug|Any CPU
		{FB9FC8D7-7897-4802-9694-F379F25C00CB}.Debug|Mixed Platforms.ActiveCfg = Debug|Any CPU
		{FB9FC8D7-7897-4802-9694-F379F25C00CB}.Debug|Mixed Platforms.Build.0 = Debug|Any CPU
		{FB9FC8D7-7897-4802-9694-F379F25C00CB}.Debug|x86.ActiveCfg = Debug|Any CPU
		{FB9FC8D7-7897-4802-9694-F379F25C00CB}.Release|Any CPU.ActiveCfg = Release|Any CPU
		{FB9FC8D7-7897-4802-9694-F379F25C00CB}.Release|Any CPU.Build.0 = Release|Any CPU
		{FB9FC8D7-7897-4802-9694-F379F25C00CB}.Release|ARM.ActiveCfg = Release|Any CPU
		{FB9FC8D7-7897-4802-9694-F379F25C00CB}.Release|ARM.Build.0 = Release|Any CPU
		{FB9FC8D7-7897-4802-9694-F379F25C00CB}.Release|Mixed Platforms.ActiveCfg = Release|Any CPU
		{FB9FC8D7-7897-4802-9694-F379F25C00CB}.Release|Mixed Platforms.Build.0 = Release|Any CPU
		{FB9FC8D7-7897-4802-9694-F379F25C00CB}.Release|x86.ActiveCfg = Release|Any CPU
		{F4024C01-1133-4A5A-B421-22EA8CA89EA5}.Debug|Any CPU.ActiveCfg = Debug|Any CPU
		{F4024C01-1133-4A5A-B421-22EA8CA89EA5}.Debug|Any CPU.Build.0 = Debug|Any CPU
		{F4024C01-1133-4A5A-B421-22EA8CA89EA5}.Debug|ARM.ActiveCfg = Debug|Any CPU
		{F4024C01-1133-4A5A-B421-22EA8CA89EA5}.Debug|ARM.Build.0 = Debug|Any CPU
		{F4024C01-1133-4A5A-B421-22EA8CA89EA5}.Debug|Mixed Platforms.ActiveCfg = Debug|Any CPU
		{F4024C01-1133-4A5A-B421-22EA8CA89EA5}.Debug|Mixed Platforms.Build.0 = Debug|Any CPU
		{F4024C01-1133-4A5A-B421-22EA8CA89EA5}.Debug|x86.ActiveCfg = Debug|Any CPU
		{F4024C01-1133-4A5A-B421-22EA8CA89EA5}.Release|Any CPU.ActiveCfg = Release|Any CPU
		{F4024C01-1133-4A5A-B421-22EA8CA89EA5}.Release|Any CPU.Build.0 = Release|Any CPU
		{F4024C01-1133-4A5A-B421-22EA8CA89EA5}.Release|ARM.ActiveCfg = Release|Any CPU
		{F4024C01-1133-4A5A-B421-22EA8CA89EA5}.Release|ARM.Build.0 = Release|Any CPU
		{F4024C01-1133-4A5A-B421-22EA8CA89EA5}.Release|Mixed Platforms.ActiveCfg = Release|Any CPU
		{F4024C01-1133-4A5A-B421-22EA8CA89EA5}.Release|Mixed Platforms.Build.0 = Release|Any CPU
		{F4024C01-1133-4A5A-B421-22EA8CA89EA5}.Release|x86.ActiveCfg = Release|Any CPU
		{C2241050-F23C-420B-AA67-60E94B34C2B2}.Debug|Any CPU.ActiveCfg = Debug|Any CPU
		{C2241050-F23C-420B-AA67-60E94B34C2B2}.Debug|Any CPU.Build.0 = Debug|Any CPU
		{C2241050-F23C-420B-AA67-60E94B34C2B2}.Debug|ARM.ActiveCfg = Debug|Any CPU
		{C2241050-F23C-420B-AA67-60E94B34C2B2}.Debug|ARM.Build.0 = Debug|Any CPU
		{C2241050-F23C-420B-AA67-60E94B34C2B2}.Debug|Mixed Platforms.ActiveCfg = Debug|Any CPU
		{C2241050-F23C-420B-AA67-60E94B34C2B2}.Debug|Mixed Platforms.Build.0 = Debug|Any CPU
		{C2241050-F23C-420B-AA67-60E94B34C2B2}.Debug|x86.ActiveCfg = Debug|Any CPU
		{C2241050-F23C-420B-AA67-60E94B34C2B2}.Release|Any CPU.ActiveCfg = Release|Any CPU
		{C2241050-F23C-420B-AA67-60E94B34C2B2}.Release|Any CPU.Build.0 = Release|Any CPU
		{C2241050-F23C-420B-AA67-60E94B34C2B2}.Release|ARM.ActiveCfg = Release|Any CPU
		{C2241050-F23C-420B-AA67-60E94B34C2B2}.Release|ARM.Build.0 = Release|Any CPU
		{C2241050-F23C-420B-AA67-60E94B34C2B2}.Release|Mixed Platforms.ActiveCfg = Release|Any CPU
		{C2241050-F23C-420B-AA67-60E94B34C2B2}.Release|Mixed Platforms.Build.0 = Release|Any CPU
		{C2241050-F23C-420B-AA67-60E94B34C2B2}.Release|x86.ActiveCfg = Release|Any CPU
		{52542D59-25EC-4EE4-8AF2-85DE50C70EA6}.Debug|Any CPU.ActiveCfg = Debug|Any CPU
		{52542D59-25EC-4EE4-8AF2-85DE50C70EA6}.Debug|Any CPU.Build.0 = Debug|Any CPU
		{52542D59-25EC-4EE4-8AF2-85DE50C70EA6}.Debug|ARM.ActiveCfg = Debug|Any CPU
		{52542D59-25EC-4EE4-8AF2-85DE50C70EA6}.Debug|ARM.Build.0 = Debug|Any CPU
		{52542D59-25EC-4EE4-8AF2-85DE50C70EA6}.Debug|Mixed Platforms.ActiveCfg = Debug|Any CPU
		{52542D59-25EC-4EE4-8AF2-85DE50C70EA6}.Debug|Mixed Platforms.Build.0 = Debug|Any CPU
		{52542D59-25EC-4EE4-8AF2-85DE50C70EA6}.Debug|x86.ActiveCfg = Debug|Any CPU
		{52542D59-25EC-4EE4-8AF2-85DE50C70EA6}.Release|Any CPU.ActiveCfg = Release|Any CPU
		{52542D59-25EC-4EE4-8AF2-85DE50C70EA6}.Release|Any CPU.Build.0 = Release|Any CPU
		{52542D59-25EC-4EE4-8AF2-85DE50C70EA6}.Release|ARM.ActiveCfg = Release|Any CPU
		{52542D59-25EC-4EE4-8AF2-85DE50C70EA6}.Release|ARM.Build.0 = Release|Any CPU
		{52542D59-25EC-4EE4-8AF2-85DE50C70EA6}.Release|Mixed Platforms.ActiveCfg = Release|Any CPU
		{52542D59-25EC-4EE4-8AF2-85DE50C70EA6}.Release|Mixed Platforms.Build.0 = Release|Any CPU
		{52542D59-25EC-4EE4-8AF2-85DE50C70EA6}.Release|x86.ActiveCfg = Release|Any CPU
		{A22C89E0-B5D4-4881-A61F-4B1FD82F2453}.Debug|Any CPU.ActiveCfg = Debug|Any CPU
		{A22C89E0-B5D4-4881-A61F-4B1FD82F2453}.Debug|Any CPU.Build.0 = Debug|Any CPU
		{A22C89E0-B5D4-4881-A61F-4B1FD82F2453}.Debug|ARM.ActiveCfg = Debug|Any CPU
		{A22C89E0-B5D4-4881-A61F-4B1FD82F2453}.Debug|ARM.Build.0 = Debug|Any CPU
		{A22C89E0-B5D4-4881-A61F-4B1FD82F2453}.Debug|Mixed Platforms.ActiveCfg = Debug|Any CPU
		{A22C89E0-B5D4-4881-A61F-4B1FD82F2453}.Debug|Mixed Platforms.Build.0 = Debug|Any CPU
		{A22C89E0-B5D4-4881-A61F-4B1FD82F2453}.Debug|x86.ActiveCfg = Debug|Any CPU
		{A22C89E0-B5D4-4881-A61F-4B1FD82F2453}.Release|Any CPU.ActiveCfg = Release|Any CPU
		{A22C89E0-B5D4-4881-A61F-4B1FD82F2453}.Release|Any CPU.Build.0 = Release|Any CPU
		{A22C89E0-B5D4-4881-A61F-4B1FD82F2453}.Release|ARM.ActiveCfg = Release|Any CPU
		{A22C89E0-B5D4-4881-A61F-4B1FD82F2453}.Release|ARM.Build.0 = Release|Any CPU
		{A22C89E0-B5D4-4881-A61F-4B1FD82F2453}.Release|Mixed Platforms.ActiveCfg = Release|Any CPU
		{A22C89E0-B5D4-4881-A61F-4B1FD82F2453}.Release|Mixed Platforms.Build.0 = Release|Any CPU
		{A22C89E0-B5D4-4881-A61F-4B1FD82F2453}.Release|x86.ActiveCfg = Release|Any CPU
		{98008721-C4DD-4F34-B3AE-A3453E29BB65}.Debug|Any CPU.ActiveCfg = Debug|Any CPU
		{98008721-C4DD-4F34-B3AE-A3453E29BB65}.Debug|Any CPU.Build.0 = Debug|Any CPU
		{98008721-C4DD-4F34-B3AE-A3453E29BB65}.Debug|ARM.ActiveCfg = Debug|Any CPU
		{98008721-C4DD-4F34-B3AE-A3453E29BB65}.Debug|ARM.Build.0 = Debug|Any CPU
		{98008721-C4DD-4F34-B3AE-A3453E29BB65}.Debug|Mixed Platforms.ActiveCfg = Debug|Any CPU
		{98008721-C4DD-4F34-B3AE-A3453E29BB65}.Debug|Mixed Platforms.Build.0 = Debug|Any CPU
		{98008721-C4DD-4F34-B3AE-A3453E29BB65}.Debug|x86.ActiveCfg = Debug|Any CPU
		{98008721-C4DD-4F34-B3AE-A3453E29BB65}.Release|Any CPU.ActiveCfg = Release|Any CPU
		{98008721-C4DD-4F34-B3AE-A3453E29BB65}.Release|Any CPU.Build.0 = Release|Any CPU
		{98008721-C4DD-4F34-B3AE-A3453E29BB65}.Release|ARM.ActiveCfg = Release|Any CPU
		{98008721-C4DD-4F34-B3AE-A3453E29BB65}.Release|ARM.Build.0 = Release|Any CPU
		{98008721-C4DD-4F34-B3AE-A3453E29BB65}.Release|Mixed Platforms.ActiveCfg = Release|Any CPU
		{98008721-C4DD-4F34-B3AE-A3453E29BB65}.Release|Mixed Platforms.Build.0 = Release|Any CPU
		{98008721-C4DD-4F34-B3AE-A3453E29BB65}.Release|x86.ActiveCfg = Release|Any CPU
		{276B8174-A24E-4257-9969-42D692F8CAC2}.Debug|Any CPU.ActiveCfg = Debug|Any CPU
		{276B8174-A24E-4257-9969-42D692F8CAC2}.Debug|Any CPU.Build.0 = Debug|Any CPU
		{276B8174-A24E-4257-9969-42D692F8CAC2}.Debug|ARM.ActiveCfg = Debug|Any CPU
		{276B8174-A24E-4257-9969-42D692F8CAC2}.Debug|ARM.Build.0 = Debug|Any CPU
		{276B8174-A24E-4257-9969-42D692F8CAC2}.Debug|Mixed Platforms.ActiveCfg = Debug|Any CPU
		{276B8174-A24E-4257-9969-42D692F8CAC2}.Debug|Mixed Platforms.Build.0 = Debug|Any CPU
		{276B8174-A24E-4257-9969-42D692F8CAC2}.Debug|x86.ActiveCfg = Debug|Any CPU
		{276B8174-A24E-4257-9969-42D692F8CAC2}.Release|Any CPU.ActiveCfg = Release|Any CPU
		{276B8174-A24E-4257-9969-42D692F8CAC2}.Release|Any CPU.Build.0 = Release|Any CPU
		{276B8174-A24E-4257-9969-42D692F8CAC2}.Release|ARM.ActiveCfg = Release|Any CPU
		{276B8174-A24E-4257-9969-42D692F8CAC2}.Release|ARM.Build.0 = Release|Any CPU
		{276B8174-A24E-4257-9969-42D692F8CAC2}.Release|Mixed Platforms.ActiveCfg = Release|Any CPU
		{276B8174-A24E-4257-9969-42D692F8CAC2}.Release|Mixed Platforms.Build.0 = Release|Any CPU
		{276B8174-A24E-4257-9969-42D692F8CAC2}.Release|x86.ActiveCfg = Release|Any CPU
		{6BCCF138-2EFB-464C-B872-E3079F0A4708}.Debug|Any CPU.ActiveCfg = Debug|Any CPU
		{6BCCF138-2EFB-464C-B872-E3079F0A4708}.Debug|Any CPU.Build.0 = Debug|Any CPU
		{6BCCF138-2EFB-464C-B872-E3079F0A4708}.Debug|ARM.ActiveCfg = Debug|Any CPU
		{6BCCF138-2EFB-464C-B872-E3079F0A4708}.Debug|ARM.Build.0 = Debug|Any CPU
		{6BCCF138-2EFB-464C-B872-E3079F0A4708}.Debug|Mixed Platforms.ActiveCfg = Debug|Any CPU
		{6BCCF138-2EFB-464C-B872-E3079F0A4708}.Debug|Mixed Platforms.Build.0 = Debug|Any CPU
		{6BCCF138-2EFB-464C-B872-E3079F0A4708}.Debug|x86.ActiveCfg = Debug|Any CPU
		{6BCCF138-2EFB-464C-B872-E3079F0A4708}.Release|Any CPU.ActiveCfg = Release|Any CPU
		{6BCCF138-2EFB-464C-B872-E3079F0A4708}.Release|Any CPU.Build.0 = Release|Any CPU
		{6BCCF138-2EFB-464C-B872-E3079F0A4708}.Release|ARM.ActiveCfg = Release|Any CPU
		{6BCCF138-2EFB-464C-B872-E3079F0A4708}.Release|ARM.Build.0 = Release|Any CPU
		{6BCCF138-2EFB-464C-B872-E3079F0A4708}.Release|Mixed Platforms.ActiveCfg = Release|Any CPU
		{6BCCF138-2EFB-464C-B872-E3079F0A4708}.Release|Mixed Platforms.Build.0 = Release|Any CPU
		{6BCCF138-2EFB-464C-B872-E3079F0A4708}.Release|x86.ActiveCfg = Release|Any CPU
		{1BCEC4DE-A73D-49A6-869F-EDA4AB6B41EF}.Debug|Any CPU.ActiveCfg = Debug|Any CPU
		{1BCEC4DE-A73D-49A6-869F-EDA4AB6B41EF}.Debug|Any CPU.Build.0 = Debug|Any CPU
		{1BCEC4DE-A73D-49A6-869F-EDA4AB6B41EF}.Debug|ARM.ActiveCfg = Debug|Any CPU
		{1BCEC4DE-A73D-49A6-869F-EDA4AB6B41EF}.Debug|ARM.Build.0 = Debug|Any CPU
		{1BCEC4DE-A73D-49A6-869F-EDA4AB6B41EF}.Debug|Mixed Platforms.ActiveCfg = Debug|Any CPU
		{1BCEC4DE-A73D-49A6-869F-EDA4AB6B41EF}.Debug|Mixed Platforms.Build.0 = Debug|Any CPU
		{1BCEC4DE-A73D-49A6-869F-EDA4AB6B41EF}.Debug|x86.ActiveCfg = Debug|Any CPU
		{1BCEC4DE-A73D-49A6-869F-EDA4AB6B41EF}.Release|Any CPU.ActiveCfg = Release|Any CPU
		{1BCEC4DE-A73D-49A6-869F-EDA4AB6B41EF}.Release|Any CPU.Build.0 = Release|Any CPU
		{1BCEC4DE-A73D-49A6-869F-EDA4AB6B41EF}.Release|ARM.ActiveCfg = Release|Any CPU
		{1BCEC4DE-A73D-49A6-869F-EDA4AB6B41EF}.Release|ARM.Build.0 = Release|Any CPU
		{1BCEC4DE-A73D-49A6-869F-EDA4AB6B41EF}.Release|Mixed Platforms.ActiveCfg = Release|Any CPU
		{1BCEC4DE-A73D-49A6-869F-EDA4AB6B41EF}.Release|Mixed Platforms.Build.0 = Release|Any CPU
		{1BCEC4DE-A73D-49A6-869F-EDA4AB6B41EF}.Release|x86.ActiveCfg = Release|Any CPU
		{2E78FB6A-EE17-4EE4-9D8D-BE9AE675C69D}.Debug|Any CPU.ActiveCfg = Debug|Any CPU
		{2E78FB6A-EE17-4EE4-9D8D-BE9AE675C69D}.Debug|Any CPU.Build.0 = Debug|Any CPU
		{2E78FB6A-EE17-4EE4-9D8D-BE9AE675C69D}.Debug|ARM.ActiveCfg = Debug|Any CPU
		{2E78FB6A-EE17-4EE4-9D8D-BE9AE675C69D}.Debug|ARM.Build.0 = Debug|Any CPU
		{2E78FB6A-EE17-4EE4-9D8D-BE9AE675C69D}.Debug|Mixed Platforms.ActiveCfg = Debug|Any CPU
		{2E78FB6A-EE17-4EE4-9D8D-BE9AE675C69D}.Debug|Mixed Platforms.Build.0 = Debug|Any CPU
		{2E78FB6A-EE17-4EE4-9D8D-BE9AE675C69D}.Debug|x86.ActiveCfg = Debug|Any CPU
		{2E78FB6A-EE17-4EE4-9D8D-BE9AE675C69D}.Release|Any CPU.ActiveCfg = Release|Any CPU
		{2E78FB6A-EE17-4EE4-9D8D-BE9AE675C69D}.Release|Any CPU.Build.0 = Release|Any CPU
		{2E78FB6A-EE17-4EE4-9D8D-BE9AE675C69D}.Release|ARM.ActiveCfg = Release|Any CPU
		{2E78FB6A-EE17-4EE4-9D8D-BE9AE675C69D}.Release|ARM.Build.0 = Release|Any CPU
		{2E78FB6A-EE17-4EE4-9D8D-BE9AE675C69D}.Release|Mixed Platforms.ActiveCfg = Release|Any CPU
		{2E78FB6A-EE17-4EE4-9D8D-BE9AE675C69D}.Release|Mixed Platforms.Build.0 = Release|Any CPU
		{2E78FB6A-EE17-4EE4-9D8D-BE9AE675C69D}.Release|x86.ActiveCfg = Release|Any CPU
		{27C3F919-13F1-4F71-A169-56EB5982CD6D}.Debug|Any CPU.ActiveCfg = Debug|Any CPU
		{27C3F919-13F1-4F71-A169-56EB5982CD6D}.Debug|Any CPU.Build.0 = Debug|Any CPU
		{27C3F919-13F1-4F71-A169-56EB5982CD6D}.Debug|ARM.ActiveCfg = Debug|Any CPU
		{27C3F919-13F1-4F71-A169-56EB5982CD6D}.Debug|ARM.Build.0 = Debug|Any CPU
		{27C3F919-13F1-4F71-A169-56EB5982CD6D}.Debug|Mixed Platforms.ActiveCfg = Debug|Any CPU
		{27C3F919-13F1-4F71-A169-56EB5982CD6D}.Debug|Mixed Platforms.Build.0 = Debug|Any CPU
		{27C3F919-13F1-4F71-A169-56EB5982CD6D}.Debug|x86.ActiveCfg = Debug|Any CPU
		{27C3F919-13F1-4F71-A169-56EB5982CD6D}.Debug|x86.Build.0 = Debug|Any CPU
		{27C3F919-13F1-4F71-A169-56EB5982CD6D}.Release|Any CPU.ActiveCfg = Release|Any CPU
		{27C3F919-13F1-4F71-A169-56EB5982CD6D}.Release|Any CPU.Build.0 = Release|Any CPU
		{27C3F919-13F1-4F71-A169-56EB5982CD6D}.Release|ARM.ActiveCfg = Release|Any CPU
		{27C3F919-13F1-4F71-A169-56EB5982CD6D}.Release|ARM.Build.0 = Release|Any CPU
		{27C3F919-13F1-4F71-A169-56EB5982CD6D}.Release|Mixed Platforms.ActiveCfg = Release|Any CPU
		{27C3F919-13F1-4F71-A169-56EB5982CD6D}.Release|Mixed Platforms.Build.0 = Release|Any CPU
		{27C3F919-13F1-4F71-A169-56EB5982CD6D}.Release|x86.ActiveCfg = Release|Any CPU
		{27C3F919-13F1-4F71-A169-56EB5982CD6D}.Release|x86.Build.0 = Release|Any CPU
		{D4BC9EF7-EE33-461C-BCF5-AF0B48217061}.Debug|Any CPU.ActiveCfg = Debug|Any CPU
		{D4BC9EF7-EE33-461C-BCF5-AF0B48217061}.Debug|Any CPU.Build.0 = Debug|Any CPU
		{D4BC9EF7-EE33-461C-BCF5-AF0B48217061}.Debug|ARM.ActiveCfg = Debug|Any CPU
		{D4BC9EF7-EE33-461C-BCF5-AF0B48217061}.Debug|ARM.Build.0 = Debug|Any CPU
		{D4BC9EF7-EE33-461C-BCF5-AF0B48217061}.Debug|Mixed Platforms.ActiveCfg = Debug|Any CPU
		{D4BC9EF7-EE33-461C-BCF5-AF0B48217061}.Debug|Mixed Platforms.Build.0 = Debug|Any CPU
		{D4BC9EF7-EE33-461C-BCF5-AF0B48217061}.Debug|x86.ActiveCfg = Debug|Any CPU
		{D4BC9EF7-EE33-461C-BCF5-AF0B48217061}.Debug|x86.Build.0 = Debug|Any CPU
		{D4BC9EF7-EE33-461C-BCF5-AF0B48217061}.Release|Any CPU.ActiveCfg = Release|Any CPU
		{D4BC9EF7-EE33-461C-BCF5-AF0B48217061}.Release|Any CPU.Build.0 = Release|Any CPU
		{D4BC9EF7-EE33-461C-BCF5-AF0B48217061}.Release|ARM.ActiveCfg = Release|Any CPU
		{D4BC9EF7-EE33-461C-BCF5-AF0B48217061}.Release|ARM.Build.0 = Release|Any CPU
		{D4BC9EF7-EE33-461C-BCF5-AF0B48217061}.Release|Mixed Platforms.ActiveCfg = Release|Any CPU
		{D4BC9EF7-EE33-461C-BCF5-AF0B48217061}.Release|Mixed Platforms.Build.0 = Release|Any CPU
		{D4BC9EF7-EE33-461C-BCF5-AF0B48217061}.Release|x86.ActiveCfg = Release|Any CPU
		{D4BC9EF7-EE33-461C-BCF5-AF0B48217061}.Release|x86.Build.0 = Release|Any CPU
		{4AD2A092-2C90-4C76-A8D5-4B56F718626F}.Debug|Any CPU.ActiveCfg = Debug|Any CPU
		{4AD2A092-2C90-4C76-A8D5-4B56F718626F}.Debug|Any CPU.Build.0 = Debug|Any CPU
		{4AD2A092-2C90-4C76-A8D5-4B56F718626F}.Debug|ARM.ActiveCfg = Debug|Any CPU
		{4AD2A092-2C90-4C76-A8D5-4B56F718626F}.Debug|ARM.Build.0 = Debug|Any CPU
		{4AD2A092-2C90-4C76-A8D5-4B56F718626F}.Debug|Mixed Platforms.ActiveCfg = Debug|Any CPU
		{4AD2A092-2C90-4C76-A8D5-4B56F718626F}.Debug|Mixed Platforms.Build.0 = Debug|Any CPU
		{4AD2A092-2C90-4C76-A8D5-4B56F718626F}.Debug|x86.ActiveCfg = Debug|Any CPU
		{4AD2A092-2C90-4C76-A8D5-4B56F718626F}.Debug|x86.Build.0 = Debug|Any CPU
		{4AD2A092-2C90-4C76-A8D5-4B56F718626F}.Release|Any CPU.ActiveCfg = Release|Any CPU
		{4AD2A092-2C90-4C76-A8D5-4B56F718626F}.Release|Any CPU.Build.0 = Release|Any CPU
		{4AD2A092-2C90-4C76-A8D5-4B56F718626F}.Release|ARM.ActiveCfg = Release|Any CPU
		{4AD2A092-2C90-4C76-A8D5-4B56F718626F}.Release|ARM.Build.0 = Release|Any CPU
		{4AD2A092-2C90-4C76-A8D5-4B56F718626F}.Release|Mixed Platforms.ActiveCfg = Release|Any CPU
		{4AD2A092-2C90-4C76-A8D5-4B56F718626F}.Release|Mixed Platforms.Build.0 = Release|Any CPU
		{4AD2A092-2C90-4C76-A8D5-4B56F718626F}.Release|x86.ActiveCfg = Release|Any CPU
		{4AD2A092-2C90-4C76-A8D5-4B56F718626F}.Release|x86.Build.0 = Release|Any CPU
		{C609AB31-BFBA-47BF-B0C4-CF0FE381C938}.Debug|Any CPU.ActiveCfg = Debug|Any CPU
		{C609AB31-BFBA-47BF-B0C4-CF0FE381C938}.Debug|Any CPU.Build.0 = Debug|Any CPU
		{C609AB31-BFBA-47BF-B0C4-CF0FE381C938}.Debug|ARM.ActiveCfg = Debug|Any CPU
		{C609AB31-BFBA-47BF-B0C4-CF0FE381C938}.Debug|ARM.Build.0 = Debug|Any CPU
		{C609AB31-BFBA-47BF-B0C4-CF0FE381C938}.Debug|Mixed Platforms.ActiveCfg = Debug|Any CPU
		{C609AB31-BFBA-47BF-B0C4-CF0FE381C938}.Debug|Mixed Platforms.Build.0 = Debug|Any CPU
		{C609AB31-BFBA-47BF-B0C4-CF0FE381C938}.Debug|x86.ActiveCfg = Debug|Any CPU
		{C609AB31-BFBA-47BF-B0C4-CF0FE381C938}.Debug|x86.Build.0 = Debug|Any CPU
		{C609AB31-BFBA-47BF-B0C4-CF0FE381C938}.Release|Any CPU.ActiveCfg = Release|Any CPU
		{C609AB31-BFBA-47BF-B0C4-CF0FE381C938}.Release|Any CPU.Build.0 = Release|Any CPU
		{C609AB31-BFBA-47BF-B0C4-CF0FE381C938}.Release|ARM.ActiveCfg = Release|Any CPU
		{C609AB31-BFBA-47BF-B0C4-CF0FE381C938}.Release|ARM.Build.0 = Release|Any CPU
		{C609AB31-BFBA-47BF-B0C4-CF0FE381C938}.Release|Mixed Platforms.ActiveCfg = Release|Any CPU
		{C609AB31-BFBA-47BF-B0C4-CF0FE381C938}.Release|Mixed Platforms.Build.0 = Release|Any CPU
		{C609AB31-BFBA-47BF-B0C4-CF0FE381C938}.Release|x86.ActiveCfg = Release|Any CPU
		{C609AB31-BFBA-47BF-B0C4-CF0FE381C938}.Release|x86.Build.0 = Release|Any CPU
		{D269BAF7-02BD-4E29-93E9-81E4CBB0BD59}.Debug|Any CPU.ActiveCfg = Debug|Any CPU
		{D269BAF7-02BD-4E29-93E9-81E4CBB0BD59}.Debug|Any CPU.Build.0 = Debug|Any CPU
		{D269BAF7-02BD-4E29-93E9-81E4CBB0BD59}.Debug|ARM.ActiveCfg = Debug|Any CPU
		{D269BAF7-02BD-4E29-93E9-81E4CBB0BD59}.Debug|ARM.Build.0 = Debug|Any CPU
		{D269BAF7-02BD-4E29-93E9-81E4CBB0BD59}.Debug|Mixed Platforms.ActiveCfg = Debug|Any CPU
		{D269BAF7-02BD-4E29-93E9-81E4CBB0BD59}.Debug|Mixed Platforms.Build.0 = Debug|Any CPU
		{D269BAF7-02BD-4E29-93E9-81E4CBB0BD59}.Debug|x86.ActiveCfg = Debug|Any CPU
		{D269BAF7-02BD-4E29-93E9-81E4CBB0BD59}.Debug|x86.Build.0 = Debug|Any CPU
		{D269BAF7-02BD-4E29-93E9-81E4CBB0BD59}.Release|Any CPU.ActiveCfg = Release|Any CPU
		{D269BAF7-02BD-4E29-93E9-81E4CBB0BD59}.Release|Any CPU.Build.0 = Release|Any CPU
		{D269BAF7-02BD-4E29-93E9-81E4CBB0BD59}.Release|ARM.ActiveCfg = Release|Any CPU
		{D269BAF7-02BD-4E29-93E9-81E4CBB0BD59}.Release|ARM.Build.0 = Release|Any CPU
		{D269BAF7-02BD-4E29-93E9-81E4CBB0BD59}.Release|Mixed Platforms.ActiveCfg = Release|Any CPU
		{D269BAF7-02BD-4E29-93E9-81E4CBB0BD59}.Release|Mixed Platforms.Build.0 = Release|Any CPU
		{D269BAF7-02BD-4E29-93E9-81E4CBB0BD59}.Release|x86.ActiveCfg = Release|Any CPU
		{D269BAF7-02BD-4E29-93E9-81E4CBB0BD59}.Release|x86.Build.0 = Release|Any CPU
	EndGlobalSection
	GlobalSection(SolutionProperties) = preSolution
		HideSolutionNode = FALSE
	EndGlobalSection
	GlobalSection(NestedProjects) = preSolution
		{549466CE-5CA6-4904-BA44-58141544BE70} = {E29C6340-FD50-4857-8C45-7BA227646B00}
		{047A98B2-BC96-41B4-ADD8-2167FB1B6502} = {E29C6340-FD50-4857-8C45-7BA227646B00}
		{11DC3AE9-D19F-4426-A7C8-15F17DE815BF} = {E29C6340-FD50-4857-8C45-7BA227646B00}
		{95D9690B-3B37-4800-A511-6FB21436638B} = {F0743B6A-25EB-4D79-B5ED-AFB4F25C91B5}
		{E04C2A53-3981-44D4-94AF-6AC07D97CDE8} = {F0743B6A-25EB-4D79-B5ED-AFB4F25C91B5}
		{FB9FC8D7-7897-4802-9694-F379F25C00CB} = {F0743B6A-25EB-4D79-B5ED-AFB4F25C91B5}
		{F4024C01-1133-4A5A-B421-22EA8CA89EA5} = {F0743B6A-25EB-4D79-B5ED-AFB4F25C91B5}
		{C2241050-F23C-420B-AA67-60E94B34C2B2} = {1BB61851-D01A-4788-8033-C1821FC3738B}
		{52542D59-25EC-4EE4-8AF2-85DE50C70EA6} = {1BB61851-D01A-4788-8033-C1821FC3738B}
		{A22C89E0-B5D4-4881-A61F-4B1FD82F2453} = {1BB61851-D01A-4788-8033-C1821FC3738B}
		{98008721-C4DD-4F34-B3AE-A3453E29BB65} = {1BB61851-D01A-4788-8033-C1821FC3738B}
		{276B8174-A24E-4257-9969-42D692F8CAC2} = {1BB61851-D01A-4788-8033-C1821FC3738B}
		{6BCCF138-2EFB-464C-B872-E3079F0A4708} = {1BB61851-D01A-4788-8033-C1821FC3738B}
		{1BCEC4DE-A73D-49A6-869F-EDA4AB6B41EF} = {F0743B6A-25EB-4D79-B5ED-AFB4F25C91B5}
		{2E78FB6A-EE17-4EE4-9D8D-BE9AE675C69D} = {F0743B6A-25EB-4D79-B5ED-AFB4F25C91B5}
		{27C3F919-13F1-4F71-A169-56EB5982CD6D} = {7CFA8083-4960-4BFE-8DF0-16034C828CDE}
		{D4BC9EF7-EE33-461C-BCF5-AF0B48217061} = {7CFA8083-4960-4BFE-8DF0-16034C828CDE}
		{4AD2A092-2C90-4C76-A8D5-4B56F718626F} = {7CFA8083-4960-4BFE-8DF0-16034C828CDE}
		{D269BAF7-02BD-4E29-93E9-81E4CBB0BD59} = {F0743B6A-25EB-4D79-B5ED-AFB4F25C91B5}
	EndGlobalSection
	GlobalSection(ExtensibilityGlobals) = postSolution
		SolutionGuid = {6C3B477A-4BA3-4067-BDE0-0B28496004B7}
	EndGlobalSection
	GlobalSection(TestCaseManagementSettings) = postSolution
		CategoryFile = DotNetZip.vsmdi
	EndGlobalSection
EndGlobal
